{
  "lockfileVersion": 1,
  "workspaces": {
    "": {
      "name": "backend",
      "dependencies": {
        "busboy": "^1.6.0",
        "csv-parser": "^3.0.0",
        "encore.dev": "^1.50.0",
        "nodemailer": "^6.10.1",
        "unzipper": "^0.12.3",
        "uuid": "^9.0.1",
      },
      "devDependencies": {
        "@types/busboy": "^1.5.4",
        "@types/nodemailer": "^7.0.1",
        "@types/unzipper": "^0.10.11",
        "typescript": "^5.9.2",
      },
    },
  },
  "packages": {
    "@aws-crypto/sha256-browser": ["@aws-crypto/sha256-browser@5.2.0", "", { "dependencies": { "@aws-crypto/sha256-js": "^5.2.0", "@aws-crypto/supports-web-crypto": "^5.2.0", "@aws-crypto/util": "^5.2.0", "@aws-sdk/types": "^3.222.0", "@aws-sdk/util-locate-window": "^3.0.0", "@smithy/util-utf8": "^2.0.0", "tslib": "^2.6.2" } }, "sha512-AXfN/lGotSQwu6HNcEsIASo7kWXZ5HYWvfOmSNKDsEqC4OashTp8alTmaz+F7TC2L083SFv5RdB+qU3Vs1kZqw=="],

    "@aws-crypto/sha256-js": ["@aws-crypto/sha256-js@5.2.0", "", { "dependencies": { "@aws-crypto/util": "^5.2.0", "@aws-sdk/types": "^3.222.0", "tslib": "^2.6.2" } }, "sha512-FFQQyu7edu4ufvIZ+OadFpHHOt+eSTBaYaki44c+akjg7qZg9oOQeLlk77F6tSYqjDAFClrHJk9tMf0HdVyOvA=="],

    "@aws-crypto/supports-web-crypto": ["@aws-crypto/supports-web-crypto@5.2.0", "", { "dependencies": { "tslib": "^2.6.2" } }, "sha512-iAvUotm021kM33eCdNfwIN//F77/IADDSs58i+MDaOqFrVjZo9bAal0NK7HurRuWLLpF1iLX7gbWrjHjeo+YFg=="],

    "@aws-crypto/util": ["@aws-crypto/util@5.2.0", "", { "dependencies": { "@aws-sdk/types": "^3.222.0", "@smithy/util-utf8": "^2.0.0", "tslib": "^2.6.2" } }, "sha512-4RkU9EsI6ZpBve5fseQlGNUWKMa1RLPQ1dnjnQoe07ldfIzcsGb5hC5W0Dm7u423KWzawlrpbjXBrXCEv9zazQ=="],

    "@aws-sdk/client-sesv2": ["@aws-sdk/client-sesv2@3.888.0", "", { "dependencies": { "@aws-crypto/sha256-browser": "5.2.0", "@aws-crypto/sha256-js": "5.2.0", "@aws-sdk/core": "3.888.0", "@aws-sdk/credential-provider-node": "3.888.0", "@aws-sdk/middleware-host-header": "3.887.0", "@aws-sdk/middleware-logger": "3.887.0", "@aws-sdk/middleware-recursion-detection": "3.887.0", "@aws-sdk/middleware-user-agent": "3.888.0", "@aws-sdk/region-config-resolver": "3.887.0", "@aws-sdk/signature-v4-multi-region": "3.888.0", "@aws-sdk/types": "3.887.0", "@aws-sdk/util-endpoints": "3.887.0", "@aws-sdk/util-user-agent-browser": "3.887.0", "@aws-sdk/util-user-agent-node": "3.888.0", "@smithy/config-resolver": "^4.2.1", "@smithy/core": "^3.11.0", "@smithy/fetch-http-handler": "^5.2.1", "@smithy/hash-node": "^4.1.1", "@smithy/invalid-dependency": "^4.1.1", "@smithy/middleware-content-length": "^4.1.1", "@smithy/middleware-endpoint": "^4.2.1", "@smithy/middleware-retry": "^4.2.1", "@smithy/middleware-serde": "^4.1.1", "@smithy/middleware-stack": "^4.1.1", "@smithy/node-config-provider": "^4.2.1", "@smithy/node-http-handler": "^4.2.1", "@smithy/protocol-http": "^5.2.1", "@smithy/smithy-client": "^4.6.1", "@smithy/types": "^4.5.0", "@smithy/url-parser": "^4.1.1", "@smithy/util-base64": "^4.1.0", "@smithy/util-body-length-browser": "^4.1.0", "@smithy/util-body-length-node": "^4.1.0", "@smithy/util-defaults-mode-browser": "^4.1.1", "@smithy/util-defaults-mode-node": "^4.1.1", "@smithy/util-endpoints": "^3.1.1", "@smithy/util-middleware": "^4.1.1", "@smithy/util-retry": "^4.1.1", "@smithy/util-utf8": "^4.1.0", "tslib": "^2.6.2" } }, "sha512-Zy7AXvj4oVLE5Zkj61qYZxIFgJXbRgTmFJvQ/EqgxE87KPR9+gF5wtC3iqcKEmkqFlWlxWrlhV4K70Vqqj4bZQ=="],

    "@aws-sdk/client-sso": ["@aws-sdk/client-sso@3.888.0", "", { "dependencies": { "@aws-crypto/sha256-browser": "5.2.0", "@aws-crypto/sha256-js": "5.2.0", "@aws-sdk/core": "3.888.0", "@aws-sdk/middleware-host-header": "3.887.0", "@aws-sdk/middleware-logger": "3.887.0", "@aws-sdk/middleware-recursion-detection": "3.887.0", "@aws-sdk/middleware-user-agent": "3.888.0", "@aws-sdk/region-config-resolver": "3.887.0", "@aws-sdk/types": "3.887.0", "@aws-sdk/util-endpoints": "3.887.0", "@aws-sdk/util-user-agent-browser": "3.887.0", "@aws-sdk/util-user-agent-node": "3.888.0", "@smithy/config-resolver": "^4.2.1", "@smithy/core": "^3.11.0", "@smithy/fetch-http-handler": "^5.2.1", "@smithy/hash-node": "^4.1.1", "@smithy/invalid-dependency": "^4.1.1", "@smithy/middleware-content-length": "^4.1.1", "@smithy/middleware-endpoint": "^4.2.1", "@smithy/middleware-retry": "^4.2.1", "@smithy/middleware-serde": "^4.1.1", "@smithy/middleware-stack": "^4.1.1", "@smithy/node-config-provider": "^4.2.1", "@smithy/node-http-handler": "^4.2.1", "@smithy/protocol-http": "^5.2.1", "@smithy/smithy-client": "^4.6.1", "@smithy/types": "^4.5.0", "@smithy/url-parser": "^4.1.1", "@smithy/util-base64": "^4.1.0", "@smithy/util-body-length-browser": "^4.1.0", "@smithy/util-body-length-node": "^4.1.0", "@smithy/util-defaults-mode-browser": "^4.1.1", "@smithy/util-defaults-mode-node": "^4.1.1", "@smithy/util-endpoints": "^3.1.1", "@smithy/util-middleware": "^4.1.1", "@smithy/util-retry": "^4.1.1", "@smithy/util-utf8": "^4.1.0", "tslib": "^2.6.2" } }, "sha512-8CLy/ehGKUmekjH+VtZJ4w40PqDg3u0K7uPziq/4P8Q7LLgsy8YQoHNbuY4am7JU3HWrqLXJI9aaz1+vPGPoWA=="],

    "@aws-sdk/core": ["@aws-sdk/core@3.888.0", "", { "dependencies": { "@aws-sdk/types": "3.887.0", "@aws-sdk/xml-builder": "3.887.0", "@smithy/core": "^3.11.0", "@smithy/node-config-provider": "^4.2.1", "@smithy/property-provider": "^4.0.5", "@smithy/protocol-http": "^5.2.1", "@smithy/signature-v4": "^5.1.3", "@smithy/smithy-client": "^4.6.1", "@smithy/types": "^4.5.0", "@smithy/util-base64": "^4.1.0", "@smithy/util-body-length-browser": "^4.1.0", "@smithy/util-middleware": "^4.1.1", "@smithy/util-utf8": "^4.1.0", "fast-xml-parser": "5.2.5", "tslib": "^2.6.2" } }, "sha512-L3S2FZywACo4lmWv37Y4TbefuPJ1fXWyWwIJ3J4wkPYFJ47mmtUPqThlVrSbdTHkEjnZgJe5cRfxk0qCLsFh1w=="],

    "@aws-sdk/credential-provider-env": ["@aws-sdk/credential-provider-env@3.888.0", "", { "dependencies": { "@aws-sdk/core": "3.888.0", "@aws-sdk/types": "3.887.0", "@smithy/property-provider": "^4.0.5", "@smithy/types": "^4.5.0", "tslib": "^2.6.2" } }, "sha512-shPi4AhUKbIk7LugJWvNpeZA8va7e5bOHAEKo89S0Ac8WDZt2OaNzbh/b9l0iSL2eEyte8UgIsYGcFxOwIF1VA=="],

    "@aws-sdk/credential-provider-http": ["@aws-sdk/credential-provider-http@3.888.0", "", { "dependencies": { "@aws-sdk/core": "3.888.0", "@aws-sdk/types": "3.887.0", "@smithy/fetch-http-handler": "^5.2.1", "@smithy/node-http-handler": "^4.2.1", "@smithy/property-provider": "^4.0.5", "@smithy/protocol-http": "^5.2.1", "@smithy/smithy-client": "^4.6.1", "@smithy/types": "^4.5.0", "@smithy/util-stream": "^4.3.1", "tslib": "^2.6.2" } }, "sha512-Jvuk6nul0lE7o5qlQutcqlySBHLXOyoPtiwE6zyKbGc7RVl0//h39Lab7zMeY2drMn8xAnIopL4606Fd8JI/Hw=="],

    "@aws-sdk/credential-provider-ini": ["@aws-sdk/credential-provider-ini@3.888.0", "", { "dependencies": { "@aws-sdk/core": "3.888.0", "@aws-sdk/credential-provider-env": "3.888.0", "@aws-sdk/credential-provider-http": "3.888.0", "@aws-sdk/credential-provider-process": "3.888.0", "@aws-sdk/credential-provider-sso": "3.888.0", "@aws-sdk/credential-provider-web-identity": "3.888.0", "@aws-sdk/nested-clients": "3.888.0", "@aws-sdk/types": "3.887.0", "@smithy/credential-provider-imds": "^4.0.7", "@smithy/property-provider": "^4.0.5", "@smithy/shared-ini-file-loader": "^4.0.5", "@smithy/types": "^4.5.0", "tslib": "^2.6.2" } }, "sha512-M82ItvS5yq+tO6ZOV1ruaVs2xOne+v8HW85GFCXnz8pecrzYdgxh6IsVqEbbWruryG/mUGkWMbkBZoEsy4MgyA=="],

    "@aws-sdk/credential-provider-node": ["@aws-sdk/credential-provider-node@3.888.0", "", { "dependencies": { "@aws-sdk/credential-provider-env": "3.888.0", "@aws-sdk/credential-provider-http": "3.888.0", "@aws-sdk/credential-provider-ini": "3.888.0", "@aws-sdk/credential-provider-process": "3.888.0", "@aws-sdk/credential-provider-sso": "3.888.0", "@aws-sdk/credential-provider-web-identity": "3.888.0", "@aws-sdk/types": "3.887.0", "@smithy/credential-provider-imds": "^4.0.7", "@smithy/property-provider": "^4.0.5", "@smithy/shared-ini-file-loader": "^4.0.5", "@smithy/types": "^4.5.0", "tslib": "^2.6.2" } }, "sha512-KCrQh1dCDC8Y+Ap3SZa6S81kHk+p+yAaOQ5jC3dak4zhHW3RCrsGR/jYdemTOgbEGcA6ye51UbhWfrrlMmeJSA=="],

    "@aws-sdk/credential-provider-process": ["@aws-sdk/credential-provider-process@3.888.0", "", { "dependencies": { "@aws-sdk/core": "3.888.0", "@aws-sdk/types": "3.887.0", "@smithy/property-provider": "^4.0.5", "@smithy/shared-ini-file-loader": "^4.0.5", "@smithy/types": "^4.5.0", "tslib": "^2.6.2" } }, "sha512-+aX6piSukPQ8DUS4JAH344GePg8/+Q1t0+kvSHAZHhYvtQ/1Zek3ySOJWH2TuzTPCafY4nmWLcQcqvU1w9+4Lw=="],

    "@aws-sdk/credential-provider-sso": ["@aws-sdk/credential-provider-sso@3.888.0", "", { "dependencies": { "@aws-sdk/client-sso": "3.888.0", "@aws-sdk/core": "3.888.0", "@aws-sdk/token-providers": "3.888.0", "@aws-sdk/types": "3.887.0", "@smithy/property-provider": "^4.0.5", "@smithy/shared-ini-file-loader": "^4.0.5", "@smithy/types": "^4.5.0", "tslib": "^2.6.2" } }, "sha512-b1ZJji7LJ6E/j1PhFTyvp51in2iCOQ3VP6mj5H6f5OUnqn7efm41iNMoinKr87n0IKZw7qput5ggXVxEdPhouA=="],

    "@aws-sdk/credential-provider-web-identity": ["@aws-sdk/credential-provider-web-identity@3.888.0", "", { "dependencies": { "@aws-sdk/core": "3.888.0", "@aws-sdk/nested-clients": "3.888.0", "@aws-sdk/types": "3.887.0", "@smithy/property-provider": "^4.0.5", "@smithy/types": "^4.5.0", "tslib": "^2.6.2" } }, "sha512-7P0QNtsDzMZdmBAaY/vY1BsZHwTGvEz3bsn2bm5VSKFAeMmZqsHK1QeYdNsFjLtegnVh+wodxMq50jqLv3LFlA=="],

    "@aws-sdk/middleware-host-header": ["@aws-sdk/middleware-host-header@3.887.0", "", { "dependencies": { "@aws-sdk/types": "3.887.0", "@smithy/protocol-http": "^5.2.1", "@smithy/types": "^4.5.0", "tslib": "^2.6.2" } }, "sha512-ulzqXv6NNqdu/kr0sgBYupWmahISHY+azpJidtK6ZwQIC+vBUk9NdZeqQpy7KVhIk2xd4+5Oq9rxapPwPI21CA=="],

    "@aws-sdk/middleware-logger": ["@aws-sdk/middleware-logger@3.887.0", "", { "dependencies": { "@aws-sdk/types": "3.887.0", "@smithy/types": "^4.5.0", "tslib": "^2.6.2" } }, "sha512-YbbgLI6jKp2qSoAcHnXrQ5jcuc5EYAmGLVFgMVdk8dfCfJLfGGSaOLxF4CXC7QYhO50s+mPPkhBYejCik02Kug=="],

    "@aws-sdk/middleware-recursion-detection": ["@aws-sdk/middleware-recursion-detection@3.887.0", "", { "dependencies": { "@aws-sdk/types": "3.887.0", "@aws/lambda-invoke-store": "^0.0.1", "@smithy/protocol-http": "^5.2.1", "@smithy/types": "^4.5.0", "tslib": "^2.6.2" } }, "sha512-tjrUXFtQnFLo+qwMveq5faxP5MQakoLArXtqieHphSqZTXm21wDJM73hgT4/PQQGTwgYjDKqnqsE1hvk0hcfDw=="],

    "@aws-sdk/middleware-sdk-s3": ["@aws-sdk/middleware-sdk-s3@3.888.0", "", { "dependencies": { "@aws-sdk/core": "3.888.0", "@aws-sdk/types": "3.887.0", "@aws-sdk/util-arn-parser": "3.873.0", "@smithy/core": "^3.11.0", "@smithy/node-config-provider": "^4.2.1", "@smithy/protocol-http": "^5.2.1", "@smithy/signature-v4": "^5.1.3", "@smithy/smithy-client": "^4.6.1", "@smithy/types": "^4.5.0", "@smithy/util-config-provider": "^4.0.0", "@smithy/util-middleware": "^4.1.1", "@smithy/util-stream": "^4.3.1", "@smithy/util-utf8": "^4.1.0", "tslib": "^2.6.2" } }, "sha512-rKOFNfqgqOfrdcLGF8fcO75azWS2aq2ksRHFoIEFru5FJxzu/yDAhY4C2FKiP/X34xeIUS2SbE/gQgrgWHSN2g=="],

    "@aws-sdk/middleware-user-agent": ["@aws-sdk/middleware-user-agent@3.888.0", "", { "dependencies": { "@aws-sdk/core": "3.888.0", "@aws-sdk/types": "3.887.0", "@aws-sdk/util-endpoints": "3.887.0", "@smithy/core": "^3.11.0", "@smithy/protocol-http": "^5.2.1", "@smithy/types": "^4.5.0", "tslib": "^2.6.2" } }, "sha512-ZkcUkoys8AdrNNG7ATjqw2WiXqrhTvT+r4CIK3KhOqIGPHX0p0DQWzqjaIl7ZhSUToKoZ4Ud7MjF795yUr73oA=="],

    "@aws-sdk/nested-clients": ["@aws-sdk/nested-clients@3.888.0", "", { "dependencies": { "@aws-crypto/sha256-browser": "5.2.0", "@aws-crypto/sha256-js": "5.2.0", "@aws-sdk/core": "3.888.0", "@aws-sdk/middleware-host-header": "3.887.0", "@aws-sdk/middleware-logger": "3.887.0", "@aws-sdk/middleware-recursion-detection": "3.887.0", "@aws-sdk/middleware-user-agent": "3.888.0", "@aws-sdk/region-config-resolver": "3.887.0", "@aws-sdk/types": "3.887.0", "@aws-sdk/util-endpoints": "3.887.0", "@aws-sdk/util-user-agent-browser": "3.887.0", "@aws-sdk/util-user-agent-node": "3.888.0", "@smithy/config-resolver": "^4.2.1", "@smithy/core": "^3.11.0", "@smithy/fetch-http-handler": "^5.2.1", "@smithy/hash-node": "^4.1.1", "@smithy/invalid-dependency": "^4.1.1", "@smithy/middleware-content-length": "^4.1.1", "@smithy/middleware-endpoint": "^4.2.1", "@smithy/middleware-retry": "^4.2.1", "@smithy/middleware-serde": "^4.1.1", "@smithy/middleware-stack": "^4.1.1", "@smithy/node-config-provider": "^4.2.1", "@smithy/node-http-handler": "^4.2.1", "@smithy/protocol-http": "^5.2.1", "@smithy/smithy-client": "^4.6.1", "@smithy/types": "^4.5.0", "@smithy/url-parser": "^4.1.1", "@smithy/util-base64": "^4.1.0", "@smithy/util-body-length-browser": "^4.1.0", "@smithy/util-body-length-node": "^4.1.0", "@smithy/util-defaults-mode-browser": "^4.1.1", "@smithy/util-defaults-mode-node": "^4.1.1", "@smithy/util-endpoints": "^3.1.1", "@smithy/util-middleware": "^4.1.1", "@smithy/util-retry": "^4.1.1", "@smithy/util-utf8": "^4.1.0", "tslib": "^2.6.2" } }, "sha512-py4o4RPSGt+uwGvSBzR6S6cCBjS4oTX5F8hrHFHfPCdIOMVjyOBejn820jXkCrcdpSj3Qg1yUZXxsByvxc9Lyg=="],

    "@aws-sdk/region-config-resolver": ["@aws-sdk/region-config-resolver@3.887.0", "", { "dependencies": { "@aws-sdk/types": "3.887.0", "@smithy/node-config-provider": "^4.2.1", "@smithy/types": "^4.5.0", "@smithy/util-config-provider": "^4.0.0", "@smithy/util-middleware": "^4.1.1", "tslib": "^2.6.2" } }, "sha512-VdSMrIqJ3yjJb/fY+YAxrH/lCVv0iL8uA+lbMNfQGtO5tB3Zx6SU9LEpUwBNX8fPK1tUpI65CNE4w42+MY/7Mg=="],

    "@aws-sdk/signature-v4-multi-region": ["@aws-sdk/signature-v4-multi-region@3.888.0", "", { "dependencies": { "@aws-sdk/middleware-sdk-s3": "3.888.0", "@aws-sdk/types": "3.887.0", "@smithy/protocol-http": "^5.2.1", "@smithy/signature-v4": "^5.1.3", "@smithy/types": "^4.5.0", "tslib": "^2.6.2" } }, "sha512-FmOHUaJzEhqfcpyh0L7HLwYcYopK13Dbmuf+oUyu56/RoeB1nLnltH1VMQVj8v3Am2IwlGR+/JpFyrdkErN+cA=="],

    "@aws-sdk/token-providers": ["@aws-sdk/token-providers@3.888.0", "", { "dependencies": { "@aws-sdk/core": "3.888.0", "@aws-sdk/nested-clients": "3.888.0", "@aws-sdk/types": "3.887.0", "@smithy/property-provider": "^4.0.5", "@smithy/shared-ini-file-loader": "^4.0.5", "@smithy/types": "^4.5.0", "tslib": "^2.6.2" } }, "sha512-WA3NF+3W8GEuCMG1WvkDYbB4z10G3O8xuhT7QSjhvLYWQ9CPt3w4VpVIfdqmUn131TCIbhCzD0KN/1VJTjAjyw=="],

    "@aws-sdk/types": ["@aws-sdk/types@3.887.0", "", { "dependencies": { "@smithy/types": "^4.5.0", "tslib": "^2.6.2" } }, "sha512-fmTEJpUhsPsovQ12vZSpVTEP/IaRoJAMBGQXlQNjtCpkBp6Iq3KQDa/HDaPINE+3xxo6XvTdtibsNOd5zJLV9A=="],

    "@aws-sdk/util-arn-parser": ["@aws-sdk/util-arn-parser@3.873.0", "", { "dependencies": { "tslib": "^2.6.2" } }, "sha512-qag+VTqnJWDn8zTAXX4wiVioa0hZDQMtbZcGRERVnLar4/3/VIKBhxX2XibNQXFu1ufgcRn4YntT/XEPecFWcg=="],

    "@aws-sdk/util-endpoints": ["@aws-sdk/util-endpoints@3.887.0", "", { "dependencies": { "@aws-sdk/types": "3.887.0", "@smithy/types": "^4.5.0", "@smithy/url-parser": "^4.1.1", "@smithy/util-endpoints": "^3.1.1", "tslib": "^2.6.2" } }, "sha512-kpegvT53KT33BMeIcGLPA65CQVxLUL/C3gTz9AzlU/SDmeusBHX4nRApAicNzI/ltQ5lxZXbQn18UczzBuwF1w=="],

    "@aws-sdk/util-locate-window": ["@aws-sdk/util-locate-window@3.873.0", "", { "dependencies": { "tslib": "^2.6.2" } }, "sha512-xcVhZF6svjM5Rj89T1WzkjQmrTF6dpR2UvIHPMTnSZoNe6CixejPZ6f0JJ2kAhO8H+dUHwNBlsUgOTIKiK/Syg=="],

    "@aws-sdk/util-user-agent-browser": ["@aws-sdk/util-user-agent-browser@3.887.0", "", { "dependencies": { "@aws-sdk/types": "3.887.0", "@smithy/types": "^4.5.0", "bowser": "^2.11.0", "tslib": "^2.6.2" } }, "sha512-X71UmVsYc6ZTH4KU6hA5urOzYowSXc3qvroagJNLJYU1ilgZ529lP4J9XOYfEvTXkLR1hPFSRxa43SrwgelMjA=="],

    "@aws-sdk/util-user-agent-node": ["@aws-sdk/util-user-agent-node@3.888.0", "", { "dependencies": { "@aws-sdk/middleware-user-agent": "3.888.0", "@aws-sdk/types": "3.887.0", "@smithy/node-config-provider": "^4.2.1", "@smithy/types": "^4.5.0", "tslib": "^2.6.2" }, "peerDependencies": { "aws-crt": ">=1.0.0" }, "optionalPeers": ["aws-crt"] }, "sha512-rSB3OHyuKXotIGfYEo//9sU0lXAUrTY28SUUnxzOGYuQsAt0XR5iYwBAp+RjV6x8f+Hmtbg0PdCsy1iNAXa0UQ=="],

    "@aws-sdk/xml-builder": ["@aws-sdk/xml-builder@3.887.0", "", { "dependencies": { "@smithy/types": "^4.5.0", "tslib": "^2.6.2" } }, "sha512-lMwgWK1kNgUhHGfBvO/5uLe7TKhycwOn3eRCqsKPT9aPCx/HWuTlpcQp8oW2pCRGLS7qzcxqpQulcD+bbUL7XQ=="],

    "@aws/lambda-invoke-store": ["@aws/lambda-invoke-store@0.0.1", "", {}, "sha512-ORHRQ2tmvnBXc8t/X9Z8IcSbBA4xTLKuN873FopzklHMeqBst7YG0d+AX97inkvDX+NChYtSr+qGfcqGFaI8Zw=="],

    "@smithy/abort-controller": ["@smithy/abort-controller@4.1.1", "", { "dependencies": { "@smithy/types": "^4.5.0", "tslib": "^2.6.2" } }, "sha512-vkzula+IwRvPR6oKQhMYioM3A/oX/lFCZiwuxkQbRhqJS2S4YRY2k7k/SyR2jMf3607HLtbEwlRxi0ndXHMjRg=="],

    "@smithy/config-resolver": ["@smithy/config-resolver@4.2.2", "", { "dependencies": { "@smithy/node-config-provider": "^4.2.2", "@smithy/types": "^4.5.0", "@smithy/util-config-provider": "^4.1.0", "@smithy/util-middleware": "^4.1.1", "tslib": "^2.6.2" } }, "sha512-IT6MatgBWagLybZl1xQcURXRICvqz1z3APSCAI9IqdvfCkrA7RaQIEfgC6G/KvfxnDfQUDqFV+ZlixcuFznGBQ=="],

    "@smithy/core": ["@smithy/core@3.11.0", "", { "dependencies": { "@smithy/middleware-serde": "^4.1.1", "@smithy/protocol-http": "^5.2.1", "@smithy/types": "^4.5.0", "@smithy/util-base64": "^4.1.0", "@smithy/util-body-length-browser": "^4.1.0", "@smithy/util-middleware": "^4.1.1", "@smithy/util-stream": "^4.3.1", "@smithy/util-utf8": "^4.1.0", "@types/uuid": "^9.0.1", "tslib": "^2.6.2", "uuid": "^9.0.1" } }, "sha512-Abs5rdP1o8/OINtE49wwNeWuynCu0kme1r4RI3VXVrHr4odVDG7h7mTnw1WXXfN5Il+c25QOnrdL2y56USfxkA=="],

    "@smithy/credential-provider-imds": ["@smithy/credential-provider-imds@4.1.2", "", { "dependencies": { "@smithy/node-config-provider": "^4.2.2", "@smithy/property-provider": "^4.1.1", "@smithy/types": "^4.5.0", "@smithy/url-parser": "^4.1.1", "tslib": "^2.6.2" } }, "sha512-JlYNq8TShnqCLg0h+afqe2wLAwZpuoSgOyzhYvTgbiKBWRov+uUve+vrZEQO6lkdLOWPh7gK5dtb9dS+KGendg=="],

    "@smithy/fetch-http-handler": ["@smithy/fetch-http-handler@5.2.1", "", { "dependencies": { "@smithy/protocol-http": "^5.2.1", "@smithy/querystring-builder": "^4.1.1", "@smithy/types": "^4.5.0", "@smithy/util-base64": "^4.1.0", "tslib": "^2.6.2" } }, "sha512-5/3wxKNtV3wO/hk1is+CZUhL8a1yy/U+9u9LKQ9kZTkMsHaQjJhc3stFfiujtMnkITjzWfndGA2f7g9Uh9vKng=="],

    "@smithy/hash-node": ["@smithy/hash-node@4.1.1", "", { "dependencies": { "@smithy/types": "^4.5.0", "@smithy/util-buffer-from": "^4.1.0", "@smithy/util-utf8": "^4.1.0", "tslib": "^2.6.2" } }, "sha512-H9DIU9WBLhYrvPs9v4sYvnZ1PiAI0oc8CgNQUJ1rpN3pP7QADbTOUjchI2FB764Ub0DstH5xbTqcMJu1pnVqxA=="],

    "@smithy/invalid-dependency": ["@smithy/invalid-dependency@4.1.1", "", { "dependencies": { "@smithy/types": "^4.5.0", "tslib": "^2.6.2" } }, "sha512-1AqLyFlfrrDkyES8uhINRlJXmHA2FkG+3DY8X+rmLSqmFwk3DJnvhyGzyByPyewh2jbmV+TYQBEfngQax8IFGg=="],

    "@smithy/is-array-buffer": ["@smithy/is-array-buffer@4.1.0", "", { "dependencies": { "tslib": "^2.6.2" } }, "sha512-ePTYUOV54wMogio+he4pBybe8fwg4sDvEVDBU8ZlHOZXbXK3/C0XfJgUCu6qAZcawv05ZhZzODGUerFBPsPUDQ=="],

    "@smithy/middleware-content-length": ["@smithy/middleware-content-length@4.1.1", "", { "dependencies": { "@smithy/protocol-http": "^5.2.1", "@smithy/types": "^4.5.0", "tslib": "^2.6.2" } }, "sha512-9wlfBBgTsRvC2JxLJxv4xDGNBrZuio3AgSl0lSFX7fneW2cGskXTYpFxCdRYD2+5yzmsiTuaAJD1Wp7gWt9y9w=="],

    "@smithy/middleware-endpoint": ["@smithy/middleware-endpoint@4.2.2", "", { "dependencies": { "@smithy/core": "^3.11.0", "@smithy/middleware-serde": "^4.1.1", "@smithy/node-config-provider": "^4.2.2", "@smithy/shared-ini-file-loader": "^4.2.0", "@smithy/types": "^4.5.0", "@smithy/url-parser": "^4.1.1", "@smithy/util-middleware": "^4.1.1", "tslib": "^2.6.2" } }, "sha512-M51KcwD+UeSOFtpALGf5OijWt915aQT5eJhqnMKJt7ZTfDfNcvg2UZgIgTZUoiORawb6o5lk4n3rv7vnzQXgsA=="],

    "@smithy/middleware-retry": ["@smithy/middleware-retry@4.2.2", "", { "dependencies": { "@smithy/node-config-provider": "^4.2.2", "@smithy/protocol-http": "^5.2.1", "@smithy/service-error-classification": "^4.1.1", "@smithy/smithy-client": "^4.6.2", "@smithy/types": "^4.5.0", "@smithy/util-middleware": "^4.1.1", "@smithy/util-retry": "^4.1.1", "@types/uuid": "^9.0.1", "tslib": "^2.6.2", "uuid": "^9.0.1" } }, "sha512-KZJueEOO+PWqflv2oGx9jICpHdBYXwCI19j7e2V3IMwKgFcXc9D9q/dsTf4B+uCnYxjNoS1jpyv6pGNGRsKOXA=="],

    "@smithy/middleware-serde": ["@smithy/middleware-serde@4.1.1", "", { "dependencies": { "@smithy/protocol-http": "^5.2.1", "@smithy/types": "^4.5.0", "tslib": "^2.6.2" } }, "sha512-lh48uQdbCoj619kRouev5XbWhCwRKLmphAif16c4J6JgJ4uXjub1PI6RL38d3BLliUvSso6klyB/LTNpWSNIyg=="],

    "@smithy/middleware-stack": ["@smithy/middleware-stack@4.1.1", "", { "dependencies": { "@smithy/types": "^4.5.0", "tslib": "^2.6.2" } }, "sha512-ygRnniqNcDhHzs6QAPIdia26M7e7z9gpkIMUe/pK0RsrQ7i5MblwxY8078/QCnGq6AmlUUWgljK2HlelsKIb/A=="],

    "@smithy/node-config-provider": ["@smithy/node-config-provider@4.2.2", "", { "dependencies": { "@smithy/property-provider": "^4.1.1", "@smithy/shared-ini-file-loader": "^4.2.0", "@smithy/types": "^4.5.0", "tslib": "^2.6.2" } }, "sha512-SYGTKyPvyCfEzIN5rD8q/bYaOPZprYUPD2f5g9M7OjaYupWOoQFYJ5ho+0wvxIRf471i2SR4GoiZ2r94Jq9h6A=="],

    "@smithy/node-http-handler": ["@smithy/node-http-handler@4.2.1", "", { "dependencies": { "@smithy/abort-controller": "^4.1.1", "@smithy/protocol-http": "^5.2.1", "@smithy/querystring-builder": "^4.1.1", "@smithy/types": "^4.5.0", "tslib": "^2.6.2" } }, "sha512-REyybygHlxo3TJICPF89N2pMQSf+p+tBJqpVe1+77Cfi9HBPReNjTgtZ1Vg73exq24vkqJskKDpfF74reXjxfw=="],

    "@smithy/property-provider": ["@smithy/property-provider@4.1.1", "", { "dependencies": { "@smithy/types": "^4.5.0", "tslib": "^2.6.2" } }, "sha512-gm3ZS7DHxUbzC2wr8MUCsAabyiXY0gaj3ROWnhSx/9sPMc6eYLMM4rX81w1zsMaObj2Lq3PZtNCC1J6lpEY7zg=="],

    "@smithy/protocol-http": ["@smithy/protocol-http@5.2.1", "", { "dependencies": { "@smithy/types": "^4.5.0", "tslib": "^2.6.2" } }, "sha512-T8SlkLYCwfT/6m33SIU/JOVGNwoelkrvGjFKDSDtVvAXj/9gOT78JVJEas5a+ETjOu4SVvpCstKgd0PxSu/aHw=="],

    "@smithy/querystring-builder": ["@smithy/querystring-builder@4.1.1", "", { "dependencies": { "@smithy/types": "^4.5.0", "@smithy/util-uri-escape": "^4.1.0", "tslib": "^2.6.2" } }, "sha512-J9b55bfimP4z/Jg1gNo+AT84hr90p716/nvxDkPGCD4W70MPms0h8KF50RDRgBGZeL83/u59DWNqJv6tEP/DHA=="],

    "@smithy/querystring-parser": ["@smithy/querystring-parser@4.1.1", "", { "dependencies": { "@smithy/types": "^4.5.0", "tslib": "^2.6.2" } }, "sha512-63TEp92YFz0oQ7Pj9IuI3IgnprP92LrZtRAkE3c6wLWJxfy/yOPRt39IOKerVr0JS770olzl0kGafXlAXZ1vng=="],

    "@smithy/service-error-classification": ["@smithy/service-error-classification@4.1.1", "", { "dependencies": { "@smithy/types": "^4.5.0" } }, "sha512-Iam75b/JNXyDE41UvrlM6n8DNOa/r1ylFyvgruTUx7h2Uk7vDNV9AAwP1vfL1fOL8ls0xArwEGVcGZVd7IO/Cw=="],

    "@smithy/shared-ini-file-loader": ["@smithy/shared-ini-file-loader@4.2.0", "", { "dependencies": { "@smithy/types": "^4.5.0", "tslib": "^2.6.2" } }, "sha512-OQTfmIEp2LLuWdxa8nEEPhZmiOREO6bcB6pjs0AySf4yiZhl6kMOfqmcwcY8BaBPX+0Tb+tG7/Ia/6mwpoZ7Pw=="],

    "@smithy/signature-v4": ["@smithy/signature-v4@5.2.1", "", { "dependencies": { "@smithy/is-array-buffer": "^4.1.0", "@smithy/protocol-http": "^5.2.1", "@smithy/types": "^4.5.0", "@smithy/util-hex-encoding": "^4.1.0", "@smithy/util-middleware": "^4.1.1", "@smithy/util-uri-escape": "^4.1.0", "@smithy/util-utf8": "^4.1.0", "tslib": "^2.6.2" } }, "sha512-M9rZhWQLjlQVCCR37cSjHfhriGRN+FQ8UfgrYNufv66TJgk+acaggShl3KS5U/ssxivvZLlnj7QH2CUOKlxPyA=="],

    "@smithy/smithy-client": ["@smithy/smithy-client@4.6.2", "", { "dependencies": { "@smithy/core": "^3.11.0", "@smithy/middleware-endpoint": "^4.2.2", "@smithy/middleware-stack": "^4.1.1", "@smithy/protocol-http": "^5.2.1", "@smithy/types": "^4.5.0", "@smithy/util-stream": "^4.3.1", "tslib": "^2.6.2" } }, "sha512-u82cjh/x7MlMat76Z38TRmEcG6JtrrxN4N2CSNG5o2v2S3hfLAxRgSgFqf0FKM3dglH41Evknt/HOX+7nfzZ3g=="],

    "@smithy/types": ["@smithy/types@4.5.0", "", { "dependencies": { "tslib": "^2.6.2" } }, "sha512-RkUpIOsVlAwUIZXO1dsz8Zm+N72LClFfsNqf173catVlvRZiwPy0x2u0JLEA4byreOPKDZPGjmPDylMoP8ZJRg=="],

    "@smithy/url-parser": ["@smithy/url-parser@4.1.1", "", { "dependencies": { "@smithy/querystring-parser": "^4.1.1", "@smithy/types": "^4.5.0", "tslib": "^2.6.2" } }, "sha512-bx32FUpkhcaKlEoOMbScvc93isaSiRM75pQ5IgIBaMkT7qMlIibpPRONyx/0CvrXHzJLpOn/u6YiDX2hcvs7Dg=="],

    "@smithy/util-base64": ["@smithy/util-base64@4.1.0", "", { "dependencies": { "@smithy/util-buffer-from": "^4.1.0", "@smithy/util-utf8": "^4.1.0", "tslib": "^2.6.2" } }, "sha512-RUGd4wNb8GeW7xk+AY5ghGnIwM96V0l2uzvs/uVHf+tIuVX2WSvynk5CxNoBCsM2rQRSZElAo9rt3G5mJ/gktQ=="],

    "@smithy/util-body-length-browser": ["@smithy/util-body-length-browser@4.1.0", "", { "dependencies": { "tslib": "^2.6.2" } }, "sha512-V2E2Iez+bo6bUMOTENPr6eEmepdY8Hbs+Uc1vkDKgKNA/brTJqOW/ai3JO1BGj9GbCeLqw90pbbH7HFQyFotGQ=="],

    "@smithy/util-body-length-node": ["@smithy/util-body-length-node@4.1.0", "", { "dependencies": { "tslib": "^2.6.2" } }, "sha512-BOI5dYjheZdgR9XiEM3HJcEMCXSoqbzu7CzIgYrx0UtmvtC3tC2iDGpJLsSRFffUpy8ymsg2ARMP5fR8mtuUQQ=="],

    "@smithy/util-buffer-from": ["@smithy/util-buffer-from@4.1.0", "", { "dependencies": { "@smithy/is-array-buffer": "^4.1.0", "tslib": "^2.6.2" } }, "sha512-N6yXcjfe/E+xKEccWEKzK6M+crMrlwaCepKja0pNnlSkm6SjAeLKKA++er5Ba0I17gvKfN/ThV+ZOx/CntKTVw=="],

    "@smithy/util-config-provider": ["@smithy/util-config-provider@4.1.0", "", { "dependencies": { "tslib": "^2.6.2" } }, "sha512-swXz2vMjrP1ZusZWVTB/ai5gK+J8U0BWvP10v9fpcFvg+Xi/87LHvHfst2IgCs1i0v4qFZfGwCmeD/KNCdJZbQ=="],

    "@smithy/util-defaults-mode-browser": ["@smithy/util-defaults-mode-browser@4.1.2", "", { "dependencies": { "@smithy/property-provider": "^4.1.1", "@smithy/smithy-client": "^4.6.2", "@smithy/types": "^4.5.0", "bowser": "^2.11.0", "tslib": "^2.6.2" } }, "sha512-QKrOw01DvNHKgY+3p4r9Ut4u6EHLVZ01u6SkOMe6V6v5C+nRPXJeWh72qCT1HgwU3O7sxAIu23nNh+FOpYVZKA=="],

    "@smithy/util-defaults-mode-node": ["@smithy/util-defaults-mode-node@4.1.2", "", { "dependencies": { "@smithy/config-resolver": "^4.2.2", "@smithy/credential-provider-imds": "^4.1.2", "@smithy/node-config-provider": "^4.2.2", "@smithy/property-provider": "^4.1.1", "@smithy/smithy-client": "^4.6.2", "@smithy/types": "^4.5.0", "tslib": "^2.6.2" } }, "sha512-l2yRmSfx5haYHswPxMmCR6jGwgPs5LjHLuBwlj9U7nNBMS43YV/eevj+Xq1869UYdiynnMrCKtoOYQcwtb6lKg=="],

    "@smithy/util-endpoints": ["@smithy/util-endpoints@3.1.2", "", { "dependencies": { "@smithy/node-config-provider": "^4.2.2", "@smithy/types": "^4.5.0", "tslib": "^2.6.2" } }, "sha512-+AJsaaEGb5ySvf1SKMRrPZdYHRYSzMkCoK16jWnIMpREAnflVspMIDeCVSZJuj+5muZfgGpNpijE3mUNtjv01Q=="],

    "@smithy/util-hex-encoding": ["@smithy/util-hex-encoding@4.1.0", "", { "dependencies": { "tslib": "^2.6.2" } }, "sha512-1LcueNN5GYC4tr8mo14yVYbh/Ur8jHhWOxniZXii+1+ePiIbsLZ5fEI0QQGtbRRP5mOhmooos+rLmVASGGoq5w=="],

    "@smithy/util-middleware": ["@smithy/util-middleware@4.1.1", "", { "dependencies": { "@smithy/types": "^4.5.0", "tslib": "^2.6.2" } }, "sha512-CGmZ72mL29VMfESz7S6dekqzCh8ZISj3B+w0g1hZFXaOjGTVaSqfAEFAq8EGp8fUL+Q2l8aqNmt8U1tglTikeg=="],

    "@smithy/util-retry": ["@smithy/util-retry@4.1.1", "", { "dependencies": { "@smithy/service-error-classification": "^4.1.1", "@smithy/types": "^4.5.0", "tslib": "^2.6.2" } }, "sha512-jGeybqEZ/LIordPLMh5bnmnoIgsqnp4IEimmUp5c5voZ8yx+5kAlN5+juyr7p+f7AtZTgvhmInQk4Q0UVbrZ0Q=="],

    "@smithy/util-stream": ["@smithy/util-stream@4.3.1", "", { "dependencies": { "@smithy/fetch-http-handler": "^5.2.1", "@smithy/node-http-handler": "^4.2.1", "@smithy/types": "^4.5.0", "@smithy/util-base64": "^4.1.0", "@smithy/util-buffer-from": "^4.1.0", "@smithy/util-hex-encoding": "^4.1.0", "@smithy/util-utf8": "^4.1.0", "tslib": "^2.6.2" } }, "sha512-khKkW/Jqkgh6caxMWbMuox9+YfGlsk9OnHOYCGVEdYQb/XVzcORXHLYUubHmmda0pubEDncofUrPNniS9d+uAA=="],

    "@smithy/util-uri-escape": ["@smithy/util-uri-escape@4.1.0", "", { "dependencies": { "tslib": "^2.6.2" } }, "sha512-b0EFQkq35K5NHUYxU72JuoheM6+pytEVUGlTwiFxWFpmddA+Bpz3LgsPRIpBk8lnPE47yT7AF2Egc3jVnKLuPg=="],

    "@smithy/util-utf8": ["@smithy/util-utf8@4.1.0", "", { "dependencies": { "@smithy/util-buffer-from": "^4.1.0", "tslib": "^2.6.2" } }, "sha512-mEu1/UIXAdNYuBcyEPbjScKi/+MQVXNIuY/7Cm5XLIWe319kDrT5SizBE95jqtmEXoDbGoZxKLCMttdZdqTZKQ=="],

    "@types/busboy": ["@types/busboy@1.5.4", "", { "dependencies": { "@types/node": "*" } }, "sha512-kG7WrUuAKK0NoyxfQHsVE6j1m01s6kMma64E+OZenQABMQyTJop1DumUWcLwAQ2JzpefU7PDYoRDKl8uZosFjw=="],

    "@types/node": ["@types/node@24.5.0", "", { "dependencies": { "undici-types": "~7.12.0" } }, "sha512-y1dMvuvJspJiPSDZUQ+WMBvF7dpnEqN4x9DDC9ie5Fs/HUZJA3wFp7EhHoVaKX/iI0cRoECV8X2jL8zi0xrHCg=="],

    "@types/nodemailer": ["@types/nodemailer@7.0.1", "", { "dependencies": { "@aws-sdk/client-sesv2": "^3.839.0", "@types/node": "*" } }, "sha512-UfHAghPmGZVzaL8x9y+mKZMWyHC399+iq0MOmya5tIyenWX3lcdSb60vOmp0DocR6gCDTYTozv/ULQnREyyjkg=="],

    "@types/unzipper": ["@types/unzipper@0.10.11", "", { "dependencies": { "@types/node": "*" } }, "sha512-D25im2zjyMCcgL9ag6N46+wbtJBnXIr7SI4zHf9eJD2Dw2tEB5e+p5MYkrxKIVRscs5QV0EhtU9rgXSPx90oJg=="],

    "@types/uuid": ["@types/uuid@9.0.8", "", {}, "sha512-jg+97EGIcY9AGHJJRaaPVgetKDsrTgbRjQ5Msgjh/DQKEFl0DtyRr/VCOyD1T2R1MNeWPK/u7JoGhlDZnKBAfA=="],

    "bluebird": ["bluebird@3.7.2", "", {}, "sha512-XpNj6GDQzdfW+r2Wnn7xiSAd7TM3jzkxGXBGTtWKuSXv1xUV+azxAm8jdWZN06QTQk+2N2XB9jRDkvbmQmcRtg=="],

    "bowser": ["bowser@2.12.1", "", {}, "sha512-z4rE2Gxh7tvshQ4hluIT7XcFrgLIQaw9X3A+kTTRdovCz5PMukm/0QC/BKSYPj3omF5Qfypn9O/c5kgpmvYUCw=="],

    "busboy": ["busboy@1.6.0", "", { "dependencies": { "streamsearch": "^1.1.0" } }, "sha512-8SFQbg/0hQ9xy3UNTB0YEnsNBbWfhf7RtnzpL7TkBiTBRfrQ9Fxcnz7VJsleJpyp6rVLvXiuORqjlHi5q+PYuA=="],

    "core-util-is": ["core-util-is@1.0.3", "", {}, "sha512-ZQBvi1DcpJ4GDqanjucZ2Hj3wEO5pZDS89BWbkcrvdxksJorwUDDZamX9ldFkp9aw2lmBDLgkObEA4DWNJ9FYQ=="],

    "csv-parser": ["csv-parser@3.2.0", "", { "bin": { "csv-parser": "bin/csv-parser" } }, "sha512-fgKbp+AJbn1h2dcAHKIdKNSSjfp43BZZykXsCjzALjKy80VXQNHPFJ6T9Afwdzoj24aMkq8GwDS7KGcDPpejrA=="],

    "duplexer2": ["duplexer2@0.1.4", "", { "dependencies": { "readable-stream": "^2.0.2" } }, "sha512-asLFVfWWtJ90ZyOUHMqk7/S2w2guQKxUI2itj3d92ADHhxUSbCMGi1f1cBcJ7xM1To+pE/Khbwo1yuNbMEPKeA=="],

    "encore.dev": ["encore.dev@1.50.0", "", {}, "sha512-ruPe2xEWOt6LXn5bGK7HArPyjcjgIyKenoXE6dVoOGMnzFfykiZ8/5r2Rc9dn01WhrvgSn2sfDIhooKdxZ+dkA=="],

    "fast-xml-parser": ["fast-xml-parser@5.2.5", "", { "dependencies": { "strnum": "^2.1.0" }, "bin": { "fxparser": "src/cli/cli.js" } }, "sha512-pfX9uG9Ki0yekDHx2SiuRIyFdyAr1kMIMitPvb0YBo8SUfKvia7w7FIyd/l6av85pFYRhZscS75MwMnbvY+hcQ=="],

    "fs-extra": ["fs-extra@11.3.2", "", { "dependencies": { "graceful-fs": "^4.2.0", "jsonfile": "^6.0.1", "universalify": "^2.0.0" } }, "sha512-Xr9F6z6up6Ws+NjzMCZc6WXg2YFRlrLP9NQDO3VQrWrfiojdhS56TzueT88ze0uBdCTwEIhQ3ptnmKeWGFAe0A=="],

    "graceful-fs": ["graceful-fs@4.2.11", "", {}, "sha512-RbJ5/jmFcNNCcDV5o9eTnBLJ/HszWV0P73bc+Ff4nS/rJj+YaS6IGyiOL0VoBYX+l1Wrl3k63h/KrH+nhJ0XvQ=="],

    "inherits": ["inherits@2.0.4", "", {}, "sha512-k/vGaX4/Yla3WzyMCvTQOXYeIHvqOKtnqBduzTHpzpQZzAskKMhZ2K+EnBiSM9zGSoIFeMpXKxa4dYeZIQqewQ=="],

    "isarray": ["isarray@1.0.0", "", {}, "sha512-VLghIWNM6ELQzo7zwmcg0NmTVyWKYjvIeM83yjp0wRDTmUnrM678fQbcKBo6n2CJEF0szoG//ytg+TKla89ALQ=="],

    "jsonfile": ["jsonfile@6.2.0", "", { "dependencies": { "universalify": "^2.0.0" }, "optionalDependencies": { "graceful-fs": "^4.1.6" } }, "sha512-FGuPw30AdOIUTRMC2OMRtQV+jkVj2cfPqSeWXv1NEAJ1qZ5zb1X6z1mFhbfOB/iy3ssJCD+3KuZ8r8C3uVFlAg=="],

    "node-int64": ["node-int64@0.4.0", "", {}, "sha512-O5lz91xSOeoXP6DulyHfllpq+Eg00MWitZIbtPfoSEvqIHdl5gfcY6hYzDWnj0qD5tz52PI08u9qUvSVeUBeHw=="],

    "nodemailer": ["nodemailer@6.10.1", "", {}, "sha512-Z+iLaBGVaSjbIzQ4pX6XV41HrooLsQ10ZWPUehGmuantvzWoDVBnmsdUcOIDM1t+yPor5pDhVlDESgOMEGxhHA=="],

    "process-nextick-args": ["process-nextick-args@2.0.1", "", {}, "sha512-3ouUOpQhtgrbOa17J7+uxOTpITYWaGP7/AhoR3+A+/1e9skrzelGi/dXzEYyvbxubEF6Wn2ypscTKiKJFFn1ag=="],

    "readable-stream": ["readable-stream@2.3.8", "", { "dependencies": { "core-util-is": "~1.0.0", "inherits": "~2.0.3", "isarray": "~1.0.0", "process-nextick-args": "~2.0.0", "safe-buffer": "~5.1.1", "string_decoder": "~1.1.1", "util-deprecate": "~1.0.1" } }, "sha512-8p0AUk4XODgIewSi0l8Epjs+EVnWiK7NoDIEGU0HhE7+ZyY8D1IMY7odu5lRrFXGg71L15KG8QrPmum45RTtdA=="],

    "safe-buffer": ["safe-buffer@5.1.2", "", {}, "sha512-Gd2UZBJDkXlY7GbJxfsE8/nvKkUEU1G38c1siN6QP6a9PT9MmHB8GnpscSmMJSoF8LOIrt8ud/wPtojys4G6+g=="],

    "streamsearch": ["streamsearch@1.1.0", "", {}, "sha512-Mcc5wHehp9aXz1ax6bZUyY5afg9u2rv5cqQI3mRrYkGC8rW2hM02jWuwjtL++LS5qinSyhj2QfLyNsuc+VsExg=="],

    "string_decoder": ["string_decoder@1.1.1", "", { "dependencies": { "safe-buffer": "~5.1.0" } }, "sha512-n/ShnvDi6FHbbVfviro+WojiFzv+s8MPMHBczVePfUpDJLwoLT0ht1l4YwBCbi8pJAveEEdnkHyPyTP/mzRfwg=="],

    "strnum": ["strnum@2.1.1", "", {}, "sha512-7ZvoFTiCnGxBtDqJ//Cu6fWtZtc7Y3x+QOirG15wztbdngGSkht27o2pyGWrVy0b4WAy3jbKmnoK6g5VlVNUUw=="],

    "tslib": ["tslib@2.8.1", "", {}, "sha512-oJFu94HQb+KVduSUQL7wnpmqnfmLsOA/nAh6b6EH0wCEoK0/mPeXU6c3wKDV83MkOuHPRHtSXKKU99IBazS/2w=="],

    "typescript": ["typescript@5.9.2", "", { "bin": { "tsc": "bin/tsc", "tsserver": "bin/tsserver" } }, "sha512-CWBzXQrc/qOkhidw1OzBTQuYRbfyxDXJMVJ1XNwUHGROVmuaeiEm3OslpZ1RV96d7SKKjZKrSJu3+t/xlw3R9A=="],

    "undici-types": ["undici-types@7.12.0", "", {}, "sha512-goOacqME2GYyOZZfb5Lgtu+1IDmAlAEu5xnD3+xTzS10hT0vzpf0SPjkXwAw9Jm+4n/mQGDP3LO8CPbYROeBfQ=="],

    "universalify": ["universalify@2.0.1", "", {}, "sha512-gptHNQghINnc/vTGIk0SOFGFNXw7JVrlRUtConJRlvaw6DuX0wO5Jeko9sWrMBhh+PsYAZ7oXAiOnf/UKogyiw=="],

    "unzipper": ["unzipper@0.12.3", "", { "dependencies": { "bluebird": "~3.7.2", "duplexer2": "~0.1.4", "fs-extra": "^11.2.0", "graceful-fs": "^4.2.2", "node-int64": "^0.4.0" } }, "sha512-PZ8hTS+AqcGxsaQntl3IRBw65QrBI6lxzqDEL7IAo/XCEqRTKGfOX56Vea5TH9SZczRVxuzk1re04z/YjuYCJA=="],

    "util-deprecate": ["util-deprecate@1.0.2", "", {}, "sha512-EPD5q1uXyFxJpCrLnCc1nHnq3gOa6DZBocAIiI2TaSCA7VCJ1UJDMagCzIkXNsUYfD1daK//LTEQ8xiIbrHtcw=="],

    "uuid": ["uuid@9.0.1", "", { "bin": "dist/bin/uuid" }, "sha512-b+1eJOlsR9K8HJpow9Ok3fiWOWSIcIzXodvv0rQjVoOVNpWMpxf1wZNpt4y9h10odCNrqnYp1OBzRktckBe3sA=="],

    "@aws-crypto/sha256-browser/@smithy/util-utf8": ["@smithy/util-utf8@2.3.0", "", { "dependencies": { "@smithy/util-buffer-from": "^2.2.0", "tslib": "^2.6.2" } }, "sha512-R8Rdn8Hy72KKcebgLiv8jQcQkXoLMOGGv5uI1/k0l+snqkOzQ1R0ChUBCxWMlBsFMekWjq0wRudIweFs7sKT5A=="],

    "@aws-crypto/util/@smithy/util-utf8": ["@smithy/util-utf8@2.3.0", "", { "dependencies": { "@smithy/util-buffer-from": "^2.2.0", "tslib": "^2.6.2" } }, "sha512-R8Rdn8Hy72KKcebgLiv8jQcQkXoLMOGGv5uI1/k0l+snqkOzQ1R0ChUBCxWMlBsFMekWjq0wRudIweFs7sKT5A=="],

    "@aws-crypto/sha256-browser/@smithy/util-utf8/@smithy/util-buffer-from": ["@smithy/util-buffer-from@2.2.0", "", { "dependencies": { "@smithy/is-array-buffer": "^2.2.0", "tslib": "^2.6.2" } }, "sha512-IJdWBbTcMQ6DA0gdNhh/BwrLkDR+ADW5Kr1aZmd4k3DIF6ezMV4R2NIAmT08wQJ3yUK82thHWmC/TnK/wpMMIA=="],

    "@aws-crypto/util/@smithy/util-utf8/@smithy/util-buffer-from": ["@smithy/util-buffer-from@2.2.0", "", { "dependencies": { "@smithy/is-array-buffer": "^2.2.0", "tslib": "^2.6.2" } }, "sha512-IJdWBbTcMQ6DA0gdNhh/BwrLkDR+ADW5Kr1aZmd4k3DIF6ezMV4R2NIAmT08wQJ3yUK82thHWmC/TnK/wpMMIA=="],

    "@aws-crypto/sha256-browser/@smithy/util-utf8/@smithy/util-buffer-from/@smithy/is-array-buffer": ["@smithy/is-array-buffer@2.2.0", "", { "dependencies": { "tslib": "^2.6.2" } }, "sha512-GGP3O9QFD24uGeAXYUjwSTXARoqpZykHadOmA8G5vfJPK0/DC67qa//0qvqrJzL1xc8WQWX7/yc7fwudjPHPhA=="],

    "@aws-crypto/util/@smithy/util-utf8/@smithy/util-buffer-from/@smithy/is-array-buffer": ["@smithy/is-array-buffer@2.2.0", "", { "dependencies": { "tslib": "^2.6.2" } }, "sha512-GGP3O9QFD24uGeAXYUjwSTXARoqpZykHadOmA8G5vfJPK0/DC67qa//0qvqrJzL1xc8WQWX7/yc7fwudjPHPhA=="],
  }
}
